// !$*UTF8*$!
{
	archiveVersion = 1;
	classes = {
	};
	objectVersion = 50;
	objects = {

/* Begin PBXBuildFile section */
		4FDF667C2350D8C200539225 /* AppDelegate.swift in Sources */ = {isa = PBXBuildFile; fileRef = 4FDF667B2350D8C200539225 /* AppDelegate.swift */; };
		4FDF667E2350D8C200539225 /* SceneDelegate.swift in Sources */ = {isa = PBXBuildFile; fileRef = 4FDF667D2350D8C200539225 /* SceneDelegate.swift */; };
		4FDF66802350D8C200539225 /* LockViewController.swift in Sources */ = {isa = PBXBuildFile; fileRef = 4FDF667F2350D8C200539225 /* LockViewController.swift */; };
		4FDF66832350D8C200539225 /* Main.storyboard in Resources */ = {isa = PBXBuildFile; fileRef = 4FDF66812350D8C200539225 /* Main.storyboard */; };
		4FDF66852350D8C500539225 /* Assets.xcassets in Resources */ = {isa = PBXBuildFile; fileRef = 4FDF66842350D8C500539225 /* Assets.xcassets */; };
		4FDF66882350D8C500539225 /* LaunchScreen.storyboard in Resources */ = {isa = PBXBuildFile; fileRef = 4FDF66862350D8C500539225 /* LaunchScreen.storyboard */; };
		4FDF66902350DB9800539225 /* CanvasView.swift in Sources */ = {isa = PBXBuildFile; fileRef = 4FDF668F2350DB9800539225 /* CanvasView.swift */; };
		4FDF66942351605100539225 /* LineModel.swift in Sources */ = {isa = PBXBuildFile; fileRef = 4FDF66932351605100539225 /* LineModel.swift */; };
		4FDF66962351785900539225 /* Constant.swift in Sources */ = {isa = PBXBuildFile; fileRef = 4FDF66952351785900539225 /* Constant.swift */; };
/* End PBXBuildFile section */

/* Begin PBXFileReference section */
		4FDF66782350D8C200539225 /* Lockscreen.app */ = {isa = PBXFileReference; explicitFileType = wrapper.application; includeInIndex = 0; path = Lockscreen.app; sourceTree = BUILT_PRODUCTS_DIR; };
		4FDF667B2350D8C200539225 /* AppDelegate.swift */ = {isa = PBXFileReference; lastKnownFileType = sourcecode.swift; path = AppDelegate.swift; sourceTree = "<group>"; };
		4FDF667D2350D8C200539225 /* SceneDelegate.swift */ = {isa = PBXFileReference; lastKnownFileType = sourcecode.swift; path = SceneDelegate.swift; sourceTree = "<group>"; };
		4FDF667F2350D8C200539225 /* LockViewController.swift */ = {isa = PBXFileReference; lastKnownFileType = sourcecode.swift; path = LockViewController.swift; sourceTree = "<group>"; };
		4FDF66822350D8C200539225 /* Base */ = {isa = PBXFileReference; lastKnownFileType = file.storyboard; name = Base; path = Base.lproj/Main.storyboard; sourceTree = "<group>"; };
		4FDF66842350D8C500539225 /* Assets.xcassets */ = {isa = PBXFileReference; lastKnownFileType = folder.assetcatalog; path = Assets.xcassets; sourceTree = "<group>"; };
		4FDF66872350D8C500539225 /* Base */ = {isa = PBXFileReference; lastKnownFileType = file.storyboard; name = Base; path = Base.lproj/LaunchScreen.storyboard; sourceTree = "<group>"; };
		4FDF66892350D8C500539225 /* Info.plist */ = {isa = PBXFileReference; lastKnownFileType = text.plist.xml; path = Info.plist; sourceTree = "<group>"; };
		4FDF668F2350DB9800539225 /* CanvasView.swift */ = {isa = PBXFileReference; lastKnownFileType = sourcecode.swift; path = CanvasView.swift; sourceTree = "<group>"; };
		4FDF66932351605100539225 /* LineModel.swift */ = {isa = PBXFileReference; lastKnownFileType = sourcecode.swift; path = LineModel.swift; sourceTree = "<group>"; };
		4FDF66952351785900539225 /* Constant.swift */ = {isa = PBXFileReference; lastKnownFileType = sourcecode.swift; path = Constant.swift; sourceTree = "<group>"; };
/* End PBXFileReference section */

/* Begin PBXFrameworksBuildPhase section */
		4FDF66752350D8C200539225 /* Frameworks */ = {
			isa = PBXFrameworksBuildPhase;
			buildActionMask = 2147483647;
			files = (
			);
			runOnlyForDeploymentPostprocessing = 0;
		};
/* End PBXFrameworksBuildPhase section */

/* Begin PBXGroup section */
		4FDF666F2350D8C200539225 = {
			isa = PBXGroup;
			children = (
				4FDF667A2350D8C200539225 /* Lockscreen */,
				4FDF66792350D8C200539225 /* Products */,
			);
			sourceTree = "<group>";
		};
		4FDF66792350D8C200539225 /* Products */ = {
			isa = PBXGroup;
			children = (
				4FDF66782350D8C200539225 /* Lockscreen.app */,
			);
			name = Products;
			sourceTree = "<group>";
		};
		4FDF667A2350D8C200539225 /* Lockscreen */ = {
			isa = PBXGroup;
			children = (
				4FDF667B2350D8C200539225 /* AppDelegate.swift */,
				4FDF667D2350D8C200539225 /* SceneDelegate.swift */,
				4FDF66932351605100539225 /* LineModel.swift */,
				4FDF668F2350DB9800539225 /* CanvasView.swift */,
				4FDF66952351785900539225 /* Constant.swift */,
				4FDF667F2350D8C200539225 /* LockViewController.swift */,
				4FDF66812350D8C200539225 /* Main.storyboard */,
				4FDF66842350D8C500539225 /* Assets.xcassets */,
				4FDF66862350D8C500539225 /* LaunchScreen.storyboard */,
				4FDF66892350D8C500539225 /* Info.plist */,
			);
			path = Lockscreen;
			sourceTree = "<group>";
		};
/* End PBXGroup section */

/* Begin PBXNativeTarget section */
		4FDF66772350D8C200539225 /* Lockscreen */ = {
			isa = PBXNativeTarget;
			buildConfigurationList = 4FDF668C2350D8C500539225 /* Build configuration list for PBXNativeTarget "Lockscreen" */;
			buildPhases = (
				4FDF66742350D8C200539225 /* Sources */,
				4FDF66752350D8C200539225 /* Frameworks */,
				4FDF66762350D8C200539225 /* Resources */,
			);
			buildRules = (
			);
			dependencies = (
			);
			name = Lockscreen;
			productName = Lockscreen;
			productReference = 4FDF66782350D8C200539225 /* Lockscreen.app */;
			productType = "com.apple.product-type.application";
		};
/* End PBXNativeTarget section */

/* Begin PBXProject section */
		4FDF66702350D8C200539225 /* Project object */ = {
			isa = PBXProject;
			attributes = {
				LastSwiftUpdateCheck = 1100;
				LastUpgradeCheck = 1100;
				ORGANIZATIONNAME = "Akshay Naithani";
				TargetAttributes = {
					4FDF66772350D8C200539225 = {
						CreatedOnToolsVersion = 11.0;
					};
				};
			};
			buildConfigurationList = 4FDF66732350D8C200539225 /* Build configuration list for PBXProject "Lockscreen" */;
			compatibilityVersion = "Xcode 9.3";
			developmentRegion = en;
			hasScannedForEncodings = 0;
			knownRegions = (
				en,
				Base,
			);
			mainGroup = 4FDF666F2350D8C200539225;
			productRefGroup = 4FDF66792350D8C200539225 /* Products */;
			projectDirPath = "";
			projectRoot = "";
			targets = (
				4FDF66772350D8C200539225 /* Lockscreen */,
			);
		};
/* End PBXProject section */

/* Begin PBXResourcesBuildPhase section */
		4FDF66762350D8C200539225 /* Resources */ = {
			isa = PBXResourcesBuildPhase;
			buildActionMask = 2147483647;
			files = (
				4FDF66882350D8C500539225 /* LaunchScreen.storyboard in Resources */,
				4FDF66852350D8C500539225 /* Assets.xcassets in Resources */,
				4FDF66832350D8C200539225 /* Main.storyboard in Resources */,
			);
			runOnlyForDeploymentPostprocessing = 0;
		};
/* End PBXResourcesBuildPhase section */

/* Begin PBXSourcesBuildPhase section */
		4FDF66742350D8C200539225 /* Sources */ = {
			isa = PBXSourcesBuildPhase;
			buildActionMask = 2147483647;
			files = (
				4FDF66802350D8C200539225 /* LockViewController.swift in Sources */,
				4FDF667C2350D8C200539225 /* AppDelegate.swift in Sources */,
				4FDF66902350DB9800539225 /* CanvasView.swift in Sources */,
				4FDF667E2350D8C200539225 /* SceneDelegate.swift in Sources */,
				4FDF66942351605100539225 /* LineModel.swift in Sources */,
				4FDF66962351785900539225 /* Constant.swift in Sources */,
			);
			runOnlyForDeploymentPostprocessing = 0;
		};
/* End PBXSourcesBuildPhase section */

/* Begin PBXVariantGroup section */
		4FDF66812350D8C200539225 /* Main.storyboard */ = {
			isa = PBXVariantGroup;
			children = (
				4FDF66822350D8C200539225 /* Base */,
			);
			name = Main.storyboard;
			sourceTree = "<group>";
		};
		4FDF66862350D8C500539225 /* LaunchScreen.storyboard */ = {
			isa = PBXVariantGroup;
			children = (
				4FDF66872350D8C500539225 /* Base */,
			);
			name = LaunchScreen.storyboard;
			sourceTree = "<group>";
		};
/* End PBXVariantGroup section */

/* Begin XCBuildConfiguration section */
		4FDF668A2350D8C500539225 /* Debug */ = {
			isa = XCBuildConfiguration;
			buildSettings = {
				ALWAYS_SEARCH_USER_PATHS = NO;
				CLANG_ANALYZER_NONNULL = YES;
				CLANG_ANALYZER_NUMBER_OBJECT_CONVERSION = YES_AGGRESSIVE;
				CLANG_CXX_LANGUAGE_STANDARD = "gnu++14";
				CLANG_CXX_LIBRARY = "libc++";
				CLANG_ENABLE_MODULES = YES;
				CLANG_ENABLE_OBJC_ARC = YES;
				CLANG_ENABLE_OBJC_WEAK = YES;
				CLANG_WARN_BLOCK_CAPTURE_AUTORELEASING = YES;
				CLANG_WARN_BOOL_CONVERSION = YES;
				CLANG_WARN_COMMA = YES;
				CLANG_WARN_CONSTANT_CONVERSION = YES;
				CLANG_WARN_DEPRECATED_OBJC_IMPLEMENTATIONS = YES;
				CLANG_WARN_DIRECT_OBJC_ISA_USAGE = YES_ERROR;
				CLANG_WARN_DOCUMENTATION_COMMENTS = YES;
				CLANG_WARN_EMPTY_BODY = YES;
				CLANG_WARN_ENUM_CONVERSION = YES;
				CLANG_WARN_INFINITE_RECURSION = YES;
				CLANG_WARN_INT_CONVERSION = YES;
				CLANG_WARN_NON_LITERAL_NULL_CONVERSION = YES;
				CLANG_WARN_OBJC_IMPLICIT_RETAIN_SELF = YES;
				CLANG_WARN_OBJC_LITERAL_CONVERSION = YES;
				CLANG_WARN_OBJC_ROOT_CLASS = YES_ERROR;
				CLANG_WARN_RANGE_LOOP_ANALYSIS = YES;
				CLANG_WARN_STRICT_PROTOTYPES = YES;
				CLANG_WARN_SUSPICIOUS_MOVE = YES;
				CLANG_WARN_UNGUARDED_AVAILABILITY = YES_AGGRESSIVE;
				CLANG_WARN_UNREACHABLE_CODE = YES;
				CLANG_WARN__DUPLICATE_METHOD_MATCH = YES;
				COPY_PHASE_STRIP = NO;
				DEBUG_INFORMATION_FORMAT = dwarf;
				ENABLE_STRICT_OBJC_MSGSEND = YES;
				ENABLE_TESTABILITY = YES;
				GCC_C_LANGUAGE_STANDARD = gnu11;
				GCC_DYNAMIC_NO_PIC = NO;
				GCC_NO_COMMON_BLOCKS = YES;
				GCC_OPTIMIZATION_LEVEL = 0;
				GCC_PREPROCESSOR_DEFINITIONS = (
					"DEBUG=1",
					"$(inherited)",
				);
				GCC_WARN_64_TO_32_BIT_CONVERSION = YES;
				GCC_WARN_ABOUT_RETURN_TYPE = YES_ERROR;
				GCC_WARN_UNDECLARED_SELECTOR = YES;
				GCC_WARN_UNINITIALIZED_AUTOS = YES_AGGRESSIVE;
				GCC_WARN_UNUSED_FUNCTION = YES;
				GCC_WARN_UNUSED_VARIABLE = YES;
				IPHONEOS_DEPLOYMENT_TARGET = 13.0;
				MTL_ENABLE_DEBUG_INFO = INCLUDE_SOURCE;
				MTL_FAST_MATH = YES;
				ONLY_ACTIVE_ARCH = YES;
				SDKROOT = iphoneos;
				SWIFT_ACTIVE_COMPILATION_CONDITIONS = DEBUG;
				SWIFT_OPTIMIZATION_LEVEL = "-Onone";
			};
			name = Debug;
		};
		4FDF668B2350D8C500539225 /* Release */ = {
			isa = XCBuildConfiguration;
			buildSettings = {
				ALWAYS_SEARCH_USER_PATHS = NO;
				CLANG_ANALYZER_NONNULL = YES;
				CLANG_ANALYZER_NUMBER_OBJECT_CONVERSION = YES_AGGRESSIVE;
				CLANG_CXX_LANGUAGE_STANDARD = "gnu++14";
				CLANG_CXX_LIBRARY = "libc++";
				CLANG_ENABLE_MODULES = YES;
				CLANG_ENABLE_OBJC_ARC = YES;
				CLANG_ENABLE_OBJC_WEAK = YES;
				CLANG_WARN_BLOCK_CAPTURE_AUTORELEASING = YES;
				CLANG_WARN_BOOL_CONVERSION = YES;
				CLANG_WARN_COMMA = YES;
				CLANG_WARN_CONSTANT_CONVERSION = YES;
				CLANG_WARN_DEPRECATED_OBJC_IMPLEMENTATIONS = YES;
				CLANG_WARN_DIRECT_OBJC_ISA_USAGE = YES_ERROR;
				CLANG_WARN_DOCUMENTATION_COMMENTS = YES;
				CLANG_WARN_EMPTY_BODY = YES;
				CLANG_WARN_ENUM_CONVERSION = YES;
				CLANG_WARN_INFINITE_RECURSION = YES;
				CLANG_WARN_INT_CONVERSION = YES;
				CLANG_WARN_NON_LITERAL_NULL_CONVERSION = YES;
				CLANG_WARN_OBJC_IMPLICIT_RETAIN_SELF = YES;
				CLANG_WARN_OBJC_LITERAL_CONVERSION = YES;
				CLANG_WARN_OBJC_ROOT_CLASS = YES_ERROR;
				CLANG_WARN_RANGE_LOOP_ANALYSIS = YES;
				CLANG_WARN_STRICT_PROTOTYPES = YES;
				CLANG_WARN_SUSPICIOUS_MOVE = YES;
				CLANG_WARN_UNGUARDED_AVAILABILITY = YES_AGGRESSIVE;
				CLANG_WARN_UNREACHABLE_CODE = YES;
				CLANG_WARN__DUPLICATE_METHOD_MATCH = YES;
				COPY_PHASE_STRIP = NO;
				DEBUG_INFORMATION_FORMAT = "dwarf-with-dsym";
				ENABLE_NS_ASSERTIONS = NO;
				ENABLE_STRICT_OBJC_MSGSEND = YES;
				GCC_C_LANGUAGE_STANDARD = gnu11;
				GCC_NO_COMMON_BLOCKS = YES;
				GCC_WARN_64_TO_32_BIT_CONVERSION = YES;
				GCC_WARN_ABOUT_RETURN_TYPE = YES_ERROR;
				GCC_WARN_UNDECLARED_SELECTOR = YES;
				GCC_WARN_UNINITIALIZED_AUTOS = YES_AGGRESSIVE;
				GCC_WARN_UNUSED_FUNCTION = YES;
				GCC_WARN_UNUSED_VARIABLE = YES;
				IPHONEOS_DEPLOYMENT_TARGET = 13.0;
				MTL_ENABLE_DEBUG_INFO = NO;
				MTL_FAST_MATH = YES;
				SDKROOT = iphoneos;
				SWIFT_COMPILATION_MODE = wholemodule;
				SWIFT_OPTIMIZATION_LEVEL = "-O";
				VALIDATE_PRODUCT = YES;
			};
			name = Release;
		};
		4FDF668D2350D8C500539225 /* Debug */ = {
			isa = XCBuildConfiguration;
			buildSettings = {
				ASSETCATALOG_COMPILER_APPICON_NAME = AppIcon;
				CODE_SIGN_STYLE = Automatic;
				INFOPLIST_FILE = Lockscreen/Info.plist;
				LD_RUNPATH_SEARCH_PATHS = (
					"$(inherited)",
					"@executable_path/Frameworks",
				);
				PRODUCT_BUNDLE_IDENTIFIER = ABCD.Lockscreen;
				PRODUCT_NAME = "$(TARGET_NAME)";
				SWIFT_VERSION = 5.0;
				TARGETED_DEVICE_FAMILY = "1,2";
			};
			name = Debug;
		};
		4FDF668E2350D8C500539225 /* Release */ = {
			isa = XCBuildConfiguration;
			buildSettings = {
				ASSETCATALOG_COMPILER_APPICON_NAME = AppIcon;
				CODE_SIGN_STYLE = Automatic;
				INFOPLIST_FILE = Lockscreen/Info.plist;
				LD_RUNPATH_SEARCH_PATHS = (
					"$(inherited)",
					"@executable_path/Frameworks",
				);
				PRODUCT_BUNDLE_IDENTIFIER = ABCD.Lockscreen;
				PRODUCT_NAME = "$(TARGET_NAME)";
				SWIFT_VERSION = 5.0;
				TARGETED_DEVICE_FAMILY = "1,2";
			};
			name = Release;
		};
/* End XCBuildConfiguration section */

/* Begin XCConfigurationList section */
		4FDF66732350D8C200539225 /* Build configuration list for PBXProject "Lockscreen" */ = {
			isa = XCConfigurationList;
			buildConfigurations = (
				4FDF668A2350D8C500539225 /* Debug */,
				4FDF668B2350D8C500539225 /* Release */,
			);
			defaultConfigurationIsVisible = 0;
			defaultConfigurationName = Release;
		};
		4FDF668C2350D8C500539225 /* Build configuration list for PBXNativeTarget "Lockscreen" */ = {
			isa = XCConfigurationList;
			buildConfigurations = (
				4FDF668D2350D8C500539225 /* Debug */,
				4FDF668E2350D8C500539225 /* Release */,
			);
			defaultConfigurationIsVisible = 0;
			defaultConfigurationName = Release;
		};
/* End XCConfigurationList section */
	};
	rootObject = 4FDF66702350D8C200539225 /* Project object */;
}
